{
  "name": "@evitcastudio/kit",
  "version": "1.0.1",
  "lockfileVersion": 3,
  "requires": true,
  "packages": {
    "": {
      "name": "@evitcastudio/kit",
      "version": "1.0.1",
      "license": "MIT",
      "dependencies": {
        "chalk": "^5.4.0",
        "commander": "^12.1.0",
        "uuid": "^11.0.3"
      },
      "bin": {
        "kit": "lib/bin/cli.js"
      },
      "devDependencies": {
        "@types/bun": "latest",
        "@types/node": "^22.10.2",
        "bun": "^1.1.42",
        "typedoc": "^0.27.5",
        "typescript": "^5.7.2"
      }
    },
    "node_modules/@gerrit0/mini-shiki": {
      "version": "1.24.4",
      "dev": true,
      "license": "MIT",
      "dependencies": {
        "@shikijs/engine-oniguruma": "^1.24.2",
        "@shikijs/types": "^1.24.2",
        "@shikijs/vscode-textmate": "^9.3.1"
      }
    },
    "node_modules/@oven/bun-darwin-aarch64": {
      "version": "1.1.42",
      "cpu": [
        "arm64"
      ],
      "dev": true,
      "license": "MIT",
      "optional": true,
      "os": [
        "darwin"
      ]
    },
    "node_modules/@shikijs/engine-oniguruma": {
      "version": "1.24.4",
      "dev": true,
      "license": "MIT",
      "dependencies": {
        "@shikijs/types": "1.24.4",
        "@shikijs/vscode-textmate": "^9.3.1"
      }
    },
    "node_modules/@shikijs/types": {
      "version": "1.24.4",
      "dev": true,
      "license": "MIT",
      "dependencies": {
        "@shikijs/vscode-textmate": "^9.3.1",
        "@types/hast": "^3.0.4"
      }
    },
    "node_modules/@shikijs/vscode-textmate": {
      "version": "9.3.1",
      "dev": true,
      "license": "MIT"
    },
    "node_modules/@types/bun": {
      "version": "1.1.14",
      "resolved": "https://registry.npmjs.org/@types/bun/-/bun-1.1.14.tgz",
      "integrity": "sha512-opVYiFGtO2af0dnWBdZWlioLBoxSdDO5qokaazLhq8XQtGZbY4pY3/JxY8Zdf/hEwGubbp7ErZXoN1+h2yesxA==",
      "dev": true,
      "license": "MIT",
      "dependencies": {
        "bun-types": "1.1.37"
      }
    },
    "node_modules/@types/hast": {
      "version": "3.0.4",
      "dev": true,
      "license": "MIT",
      "dependencies": {
        "@types/unist": "*"
      }
    },
    "node_modules/@types/node": {
      "version": "22.10.2",
      "dev": true,
      "license": "MIT",
      "dependencies": {
        "undici-types": "~6.20.0"
      }
    },
    "node_modules/@types/unist": {
      "version": "3.0.3",
      "dev": true,
      "license": "MIT"
    },
    "node_modules/@types/ws": {
      "version": "8.5.13",
      "dev": true,
      "license": "MIT",
      "dependencies": {
        "@types/node": "*"
      }
    },
    "node_modules/argparse": {
      "version": "2.0.1",
      "dev": true,
      "license": "Python-2.0"
    },
    "node_modules/balanced-match": {
      "version": "1.0.2",
      "dev": true,
      "license": "MIT"
    },
    "node_modules/brace-expansion": {
      "version": "2.0.1",
      "dev": true,
      "license": "MIT",
      "dependencies": {
        "balanced-match": "^1.0.0"
      }
    },
    "node_modules/bun": {
      "version": "1.1.42",
      "cpu": [
        "arm64",
        "x64",
        "aarch64"
      ],
      "dev": true,
      "hasInstallScript": true,
      "license": "MIT",
      "os": [
        "darwin",
        "linux",
        "win32"
      ],
      "bin": {
        "bun": "bin/bun.exe",
        "bunx": "bin/bun.exe"
      },
      "optionalDependencies": {
        "@oven/bun-darwin-aarch64": "1.1.42",
        "@oven/bun-darwin-x64": "1.1.42",
        "@oven/bun-darwin-x64-baseline": "1.1.42",
        "@oven/bun-linux-aarch64": "1.1.42",
        "@oven/bun-linux-aarch64-musl": "1.1.42",
        "@oven/bun-linux-x64": "1.1.42",
        "@oven/bun-linux-x64-baseline": "1.1.42",
        "@oven/bun-linux-x64-musl": "1.1.42",
        "@oven/bun-linux-x64-musl-baseline": "1.1.42",
        "@oven/bun-windows-x64": "1.1.42",
        "@oven/bun-windows-x64-baseline": "1.1.42"
      }
    },
    "node_modules/bun-types": {
      "version": "1.1.37",
      "dev": true,
      "license": "MIT",
      "dependencies": {
        "@types/node": "~20.12.8",
        "@types/ws": "~8.5.10"
      }
    },
    "node_modules/bun-types/node_modules/@types/node": {
      "version": "20.12.14",
      "dev": true,
      "license": "MIT",
      "dependencies": {
        "undici-types": "~5.26.4"
      }
    },
    "node_modules/bun-types/node_modules/@types/node/node_modules/undici-types": {
      "version": "5.26.5",
      "dev": true,
      "license": "MIT"
    },
    "node_modules/chalk": {
      "version": "5.4.0",
      "license": "MIT",
      "engines": {
        "node": "^12.17.0 || ^14.13 || >=16.0.0"
      },
      "funding": {
        "url": "https://github.com/chalk/chalk?sponsor=1"
      }
    },
    "node_modules/commander": {
      "version": "12.1.0",
      "license": "MIT",
      "engines": {
        "node": ">=18"
      }
    },
    "node_modules/entities": {
      "version": "4.5.0",
      "dev": true,
      "license": "BSD-2-Clause",
      "engines": {
        "node": ">=0.12"
      },
      "funding": {
        "url": "https://github.com/fb55/entities?sponsor=1"
      }
    },
    "node_modules/linkify-it": {
      "version": "5.0.0",
      "dev": true,
      "license": "MIT",
      "dependencies": {
        "uc.micro": "^2.0.0"
      }
    },
    "node_modules/lunr": {
      "version": "2.3.9",
      "dev": true,
      "license": "MIT"
    },
    "node_modules/markdown-it": {
      "version": "14.1.0",
      "dev": true,
      "license": "MIT",
      "dependencies": {
        "argparse": "^2.0.1",
        "entities": "^4.4.0",
        "linkify-it": "^5.0.0",
        "mdurl": "^2.0.0",
        "punycode.js": "^2.3.1",
        "uc.micro": "^2.1.0"
      },
      "bin": {
        "markdown-it": "bin/markdown-it.mjs"
      }
    },
    "node_modules/mdurl": {
      "version": "2.0.0",
      "dev": true,
      "license": "MIT"
    },
    "node_modules/minimatch": {
      "version": "9.0.5",
      "dev": true,
      "license": "ISC",
      "dependencies": {
        "brace-expansion": "^2.0.1"
      },
      "engines": {
        "node": ">=16 || 14 >=14.17"
      },
      "funding": {
        "url": "https://github.com/sponsors/isaacs"
      }
    },
    "node_modules/punycode.js": {
      "version": "2.3.1",
      "dev": true,
      "license": "MIT",
      "engines": {
        "node": ">=6"
      }
    },
    "node_modules/typedoc": {
      "version": "0.27.5",
      "dev": true,
      "license": "Apache-2.0",
      "dependencies": {
        "@gerrit0/mini-shiki": "^1.24.0",
        "lunr": "^2.3.9",
        "markdown-it": "^14.1.0",
        "minimatch": "^9.0.5",
        "yaml": "^2.6.1"
      },
      "bin": {
        "typedoc": "bin/typedoc"
      },
      "engines": {
        "node": ">= 18"
      },
      "peerDependencies": {
        "typescript": "5.0.x || 5.1.x || 5.2.x || 5.3.x || 5.4.x || 5.5.x || 5.6.x || 5.7.x"
      }
    },
    "node_modules/typescript": {
      "version": "5.7.2",
      "dev": true,
      "license": "Apache-2.0",
      "bin": {
        "tsc": "bin/tsc",
        "tsserver": "bin/tsserver"
      },
      "engines": {
        "node": ">=14.17"
      }
    },
    "node_modules/uc.micro": {
      "version": "2.1.0",
      "dev": true,
      "license": "MIT"
    },
    "node_modules/undici-types": {
      "version": "6.20.0",
      "dev": true,
      "license": "MIT"
    },
    "node_modules/uuid": {
      "version": "11.0.3",
      "funding": [
        "https://github.com/sponsors/broofa",
        "https://github.com/sponsors/ctavan"
      ],
      "license": "MIT",
      "bin": {
        "uuid": "dist/esm/bin/uuid"
      }
    },
    "node_modules/yaml": {
      "version": "2.6.1",
      "dev": true,
      "license": "ISC",
      "bin": {
        "yaml": "bin.mjs"
      },
      "engines": {
        "node": ">= 14"
      }
    }
  }
}
